
Microsoft Visual Studio Solution File, Format Version 12.00
# Visual Studio Version 17
VisualStudioVersion = 17.1.32210.238
MinimumVisualStudioVersion = 10.0.40219.1
Project("{9A19103F-16F7-4668-BE54-9A1E7A4F7556}") = "WebStore", "WebStore\WebStore.csproj", "{EA6AF2E1-6762-4723-AF4E-783A1BFFFC98}"
EndProject
Project("{FAE04EC0-301F-11D3-BF4B-00C04F79EFBC}") = "WebStore.Domain", "WebStore.Domain\WebStore.Domain.csproj", "{D9179747-9FC1-4B13-A123-83E39238713E}"
EndProject
Global
	GlobalSection(SolutionConfigurationPlatforms) = preSolution
		Debug|Any CPU = Debug|Any CPU
		Release|Any CPU = Release|Any CPU
	EndGlobalSection
	GlobalSection(ProjectConfigurationPlatforms) = postSolution
		{EA6AF2E1-6762-4723-AF4E-783A1BFFFC98}.Debug|Any CPU.ActiveCfg = Debug|Any CPU
		{EA6AF2E1-6762-4723-AF4E-783A1BFFFC98}.Debug|Any CPU.Build.0 = Debug|Any CPU
		{EA6AF2E1-6762-4723-AF4E-783A1BFFFC98}.Release|Any CPU.ActiveCfg = Release|Any CPU
		{EA6AF2E1-6762-4723-AF4E-783A1BFFFC98}.Release|Any CPU.Build.0 = Release|Any CPU
		{D9179747-9FC1-4B13-A123-83E39238713E}.Debug|Any CPU.ActiveCfg = Debug|Any CPU
		{D9179747-9FC1-4B13-A123-83E39238713E}.Debug|Any CPU.Build.0 = Debug|Any CPU
		{D9179747-9FC1-4B13-A123-83E39238713E}.Release|Any CPU.ActiveCfg = Release|Any CPU
		{D9179747-9FC1-4B13-A123-83E39238713E}.Release|Any CPU.Build.0 = Release|Any CPU
	EndGlobalSection
	GlobalSection(SolutionProperties) = preSolution
		HideSolutionNode = FALSE
	EndGlobalSection
	GlobalSection(ExtensibilityGlobals) = postSolution
		SolutionGuid = {F2CBAC80-E6EC-465D-9A16-F88A571F5A21}
	EndGlobalSection
EndGlobal
